// !$*UTF8*$!
{
	archiveVersion = 1;
	classes = {
	};
	objectVersion = 77;
	objects = {

/* Begin PBXBuildFile section */
		03563D500252A53FEF44FA8C /* AuroraModel in Frameworks */ = {isa = PBXBuildFile; productRef = 1A8D18F9A83D91A656472DC4 /* AuroraModel */; };
		0AD304D3E06F5B445261C3B9 /* CheckpointC2ScreenshotExporter.swift in Sources */ = {isa = PBXBuildFile; fileRef = 3A665E7AA33A07B1B5479496 /* CheckpointC2ScreenshotExporter.swift */; };
		0C4E80D561792E13EAF2BE02 /* DimmerKeyboardEntryMonitor.swift in Sources */ = {isa = PBXBuildFile; fileRef = 9172FAFF8B67876029F5C75C /* DimmerKeyboardEntryMonitor.swift */; };
		11C2FF2F2CFDA206A5992EAF /* AuroraOutput in Frameworks */ = {isa = PBXBuildFile; productRef = FCC9AB3A9B77468013D9EEC8 /* AuroraOutput */; };
		14387812BB87878E138FE12E /* AuroraSettingsRoot.swift in Sources */ = {isa = PBXBuildFile; fileRef = 5C5FF56CF6BF550DBF6865AA /* AuroraSettingsRoot.swift */; };
		1BB91CD69C63E01F076EF1AD /* WorkspaceSurfaces.swift in Sources */ = {isa = PBXBuildFile; fileRef = 339F99D6F432CB1C049FF722 /* WorkspaceSurfaces.swift */; };
		2195DF5A905549CE5C39153E /* ShortcutHelpHUD.swift in Sources */ = {isa = PBXBuildFile; fileRef = 07645A08673E2EF869A67CDC /* ShortcutHelpHUD.swift */; };
		26728EE3820EE534067B7593 /* WorkspaceController.swift in Sources */ = {isa = PBXBuildFile; fileRef = 501E4F0EC75962C1B1D363F3 /* WorkspaceController.swift */; };
		278C16091C9CB4F672B622C9 /* WelcomeEmptyView.swift in Sources */ = {isa = PBXBuildFile; fileRef = 6B4845FF0198D5B22AE7610E /* WelcomeEmptyView.swift */; };
		27C4414836CB833E4B61B89D /* SplashVisuals.swift in Sources */ = {isa = PBXBuildFile; fileRef = 824A8B81275AE372DADD8AE6 /* SplashVisuals.swift */; };
		2F5A243D8178A4449395A6DD /* FixtureCreatorWindow.swift in Sources */ = {isa = PBXBuildFile; fileRef = F14A652D54B66ADC2AD32708 /* FixtureCreatorWindow.swift */; };
		35CCC59630FCF3EA2889402F /* AuroraUI in Frameworks */ = {isa = PBXBuildFile; productRef = 690300BAF9B3151421451ABA /* AuroraUI */; };
		377A74B13024A8C1D09C6A8A /* AutosaveController.swift in Sources */ = {isa = PBXBuildFile; fileRef = 7B043DFC14A0073926A91FBC /* AutosaveController.swift */; };
		3CB4833039706DB343C16D9A /* CheckpointC1ScreenshotExporter.swift in Sources */ = {isa = PBXBuildFile; fileRef = 1EAD52ED9A7456D2355F6E75 /* CheckpointC1ScreenshotExporter.swift */; };
		42BB15392EE0D5023FF5196F /* ShowControlController.swift in Sources */ = {isa = PBXBuildFile; fileRef = 779647B40D9F3A8937B23878 /* ShowControlController.swift */; };
		4658C1EF183A46340B331FA1 /* AuroraActionExecutor.swift in Sources */ = {isa = PBXBuildFile; fileRef = D75DD783EC6D1B226B5B9F98 /* AuroraActionExecutor.swift */; };
		4E340006104EBAEBE5FE7F28 /* ContentView.swift in Sources */ = {isa = PBXBuildFile; fileRef = 232F5B08C7CB2103577CD47F /* ContentView.swift */; };
		51199258785E51A21134CD49 /* AppSettingsStore.swift in Sources */ = {isa = PBXBuildFile; fileRef = ED1D6C1A596DA1DE51484AAB /* AppSettingsStore.swift */; };
		51FF94DE82FE95F235593210 /* SongDirector.swift in Sources */ = {isa = PBXBuildFile; fileRef = D22693B2A3BC9A83A10B148C /* SongDirector.swift */; };
		56FD63FD798BEBC8E708F3EA /* FloatingSurfaceWindowCoordinator.swift in Sources */ = {isa = PBXBuildFile; fileRef = 54299232A083091BC023D010 /* FloatingSurfaceWindowCoordinator.swift */; };
		5A8CF4DD0690127459E05866 /* AuroraDiagnostics in Frameworks */ = {isa = PBXBuildFile; productRef = 260EBA9488D207E630542D6B /* AuroraDiagnostics */; };
		5D124C456F3FBF5F9E3ADAC7 /* LaunchSplashController.swift in Sources */ = {isa = PBXBuildFile; fileRef = 864171D7061DED2D20ABAFBE /* LaunchSplashController.swift */; };
		69C3AAB5F98CD1C4185873F2 /* AuroraApp.swift in Sources */ = {isa = PBXBuildFile; fileRef = E53EBA12BB138545F4DE4F05 /* AuroraApp.swift */; };
		69F9A2D27963609B1CA2CE76 /* DesignStageSurface.swift in Sources */ = {isa = PBXBuildFile; fileRef = 31A34445C1E4A5C774DC3369 /* DesignStageSurface.swift */; };
		6C92275AA0E1FBC13C70E858 /* DiagnosticsSnapshot.swift in Sources */ = {isa = PBXBuildFile; fileRef = 182910CFFF96FD38C92A41A1 /* DiagnosticsSnapshot.swift */; };
		70BBD384A540407279608757 /* MIDIHealthSnapshot.swift in Sources */ = {isa = PBXBuildFile; fileRef = 3500F9F48968C9E1F4BE62EE /* MIDIHealthSnapshot.swift */; };
		733890ADAC5ABDFEF83FB368 /* AMEEngineWindowRoot.swift in Sources */ = {isa = PBXBuildFile; fileRef = 6100A925FF40688A2C61D122 /* AMEEngineWindowRoot.swift */; };
		75FB1F2B21E5F1718F2E2FF5 /* BuildWorkspaceHost.swift in Sources */ = {isa = PBXBuildFile; fileRef = C2DC1348A41F0BB34984FAAD /* BuildWorkspaceHost.swift */; };
		7EAA6D5F0C9A966B2F13D476 /* AuroraMusical in Frameworks */ = {isa = PBXBuildFile; productRef = 51827F4E25C119433579AC3C /* AuroraMusical */; };
		83F91197B9CC076A75520A90 /* AuroraBuildToolbar.swift in Sources */ = {isa = PBXBuildFile; fileRef = 358D876DBCA0CD1350698C97 /* AuroraBuildToolbar.swift */; };
		83FF3655CDFEB29DF5D44AEA /* OutputController.swift in Sources */ = {isa = PBXBuildFile; fileRef = AB29E496B8FE888F60B7C466 /* OutputController.swift */; };
		84B8F39B4B11412845F64586 /* EffectsWindowAcceptanceCapture.swift in Sources */ = {isa = PBXBuildFile; fileRef = 9B5DE4B4C4888D1A5E101B1F /* EffectsWindowAcceptanceCapture.swift */; };
		8885BEE39D4B78623E20494A /* InputController.swift in Sources */ = {isa = PBXBuildFile; fileRef = DE69003C8FADB849F552ABE3 /* InputController.swift */; };
		8D2FA4A175A8875C87AC701B /* Assets.xcassets in Resources */ = {isa = PBXBuildFile; fileRef = 53241CA7F228CC07D3E74AD5 /* Assets.xcassets */; };
		932246F78C94AD41B2A8FF16 /* PerformanceSnapshot.swift in Sources */ = {isa = PBXBuildFile; fileRef = 560F9B85E2009D890D09ECAC /* PerformanceSnapshot.swift */; };
		93383F9375C75649A0C9C33B /* AppKit.framework in Frameworks */ = {isa = PBXBuildFile; fileRef = 6B29DE4F38EC3E91F2835D08 /* AppKit.framework */; };
		93C0DF2A610123A272711285 /* PanelRegistry.swift in Sources */ = {isa = PBXBuildFile; fileRef = 5D1A9997F250BD7F47FC7DC0 /* PanelRegistry.swift */; };
		9F1DDF1D941010FD6EFFC6B8 /* ExternalControlLog.swift in Sources */ = {isa = PBXBuildFile; fileRef = 3863075AA65EC7128BBCA76D /* ExternalControlLog.swift */; };
		A23B7B944DDFAD371DC2CA79 /* AuroraFixtureLib in Frameworks */ = {isa = PBXBuildFile; productRef = 9873FBE2D9C160DE4F158882 /* AuroraFixtureLib */; };
		AB90C02584422D9038335B6D /* KeyboardCommandGate.swift in Sources */ = {isa = PBXBuildFile; fileRef = 9B85BFE9D150E01CF5D13B12 /* KeyboardCommandGate.swift */; };
		B4624971634401539AA958E0 /* CheckpointC3ScreenshotExporter.swift in Sources */ = {isa = PBXBuildFile; fileRef = 31B5082F832535672E269A21 /* CheckpointC3ScreenshotExporter.swift */; };
		B50F904BD20D33CD495A7C67 /* ErrorPresenter.swift in Sources */ = {isa = PBXBuildFile; fileRef = 9D2261C1D8B3655B4063FE53 /* ErrorPresenter.swift */; };
		B78C597856F1ABC941C83AE4 /* AuroraDesignSystem in Frameworks */ = {isa = PBXBuildFile; productRef = 4E2EEDCCAB044C05D615622F /* AuroraDesignSystem */; };
		BA1F0847724292D01BDFF7FB /* LightKeyFixtureImporterWindow.swift in Sources */ = {isa = PBXBuildFile; fileRef = 25F1D13A45E6ACDAD06F6796 /* LightKeyFixtureImporterWindow.swift */; };
		BFBC57A45ACB4CB3344029CD /* AuroraMIDI in Frameworks */ = {isa = PBXBuildFile; productRef = D9C78EDE21F0124491ADA60E /* AuroraMIDI */; };
		C52AA06B1FC821446EA62F43 /* AuroraSplashView.swift in Sources */ = {isa = PBXBuildFile; fileRef = C2CA141AE7C9CF7492306AA6 /* AuroraSplashView.swift */; };
		CACAB191F002F5D03883E338 /* AuroraAppStatusBar.swift in Sources */ = {isa = PBXBuildFile; fileRef = 6C1BBAFA0D5762961DF0960B /* AuroraAppStatusBar.swift */; };
		CAE5E15A30778E693BCCE0F8 /* AuroraShellHealth.swift in Sources */ = {isa = PBXBuildFile; fileRef = CD9B4FD0601962278EB8BCAC /* AuroraShellHealth.swift */; };
		CB89FF9D99C5A6E4D16564BB /* AuroraAboutView.swift in Sources */ = {isa = PBXBuildFile; fileRef = B813837D691D7B1C59EF157E /* AuroraAboutView.swift */; };
		CEF9BE995B585AACD23D7330 /* LoggingSettingsModel.swift in Sources */ = {isa = PBXBuildFile; fileRef = 99FD8A4118F8D75D71041A20 /* LoggingSettingsModel.swift */; };
		D1D5AFEB411E7EEE10F007F2 /* AuroraCore in Frameworks */ = {isa = PBXBuildFile; productRef = 792A939B17F287A1613EEC7E /* AuroraCore */; };
		DB76164C63E39F07973EE448 /* AppModel.swift in Sources */ = {isa = PBXBuildFile; fileRef = D89FE72A7FCF544F9FE97138 /* AppModel.swift */; };
		E0B3AA7CDCC40373F83483F0 /* SwiftUI.framework in Frameworks */ = {isa = PBXBuildFile; fileRef = FD8D8F2897F52396A2EF3F06 /* SwiftUI.framework */; };
		E161C01CFBB6E7CA343C09B7 /* PerformWorkspaceShell.swift in Sources */ = {isa = PBXBuildFile; fileRef = 95C8D08AF1160636E19E4FDB /* PerformWorkspaceShell.swift */; };
		E4EE3B1C37AEEF62DC2EC373 /* ProjectController.swift in Sources */ = {isa = PBXBuildFile; fileRef = E98879EA9C2C37F9DDA411AE /* ProjectController.swift */; };
		E9203100AE90F158D7CE4335 /* UserFixtureLibraryWindow.swift in Sources */ = {isa = PBXBuildFile; fileRef = 46246929E5905C1586C715DC /* UserFixtureLibraryWindow.swift */; };
		E9E5822071DD23FA2AF41899 /* ControlActionRouter.swift in Sources */ = {isa = PBXBuildFile; fileRef = 4065D715F6712A592C2D9D94 /* ControlActionRouter.swift */; };
		EA65CCE22BD9553182EA62FA /* UserFixtureLibraryStore.swift in Sources */ = {isa = PBXBuildFile; fileRef = 95CD35C6AE48A4DA2FC55D9D /* UserFixtureLibraryStore.swift */; };
		EAF2DE4D972354AD52169804 /* EffectsEngineWindowRoot.swift in Sources */ = {isa = PBXBuildFile; fileRef = B955E9C928DE9A1D2D0FC51C /* EffectsEngineWindowRoot.swift */; };
		ED96297A3B9DD6CF78D08877 /* AuroraEngine in Frameworks */ = {isa = PBXBuildFile; productRef = A05AEC2D94229F2DB405698C /* AuroraEngine */; };
		EF73651AA0062889A57FCBE6 /* ProgrammerPresentationStore.swift in Sources */ = {isa = PBXBuildFile; fileRef = EC1D216D63FCD9574D8F1EAC /* ProgrammerPresentationStore.swift */; };
		F00643476CE33324EFB945EF /* FloatingSurfaceWindow.swift in Sources */ = {isa = PBXBuildFile; fileRef = 9E2E328B2326DE8D41300DB3 /* FloatingSurfaceWindow.swift */; };
		F55B9C7D82C625AF6C86D71B /* AuroraBrandViews.swift in Sources */ = {isa = PBXBuildFile; fileRef = 5E14169A3D7013064FC4C477 /* AuroraBrandViews.swift */; };
		F6A4316EEEAC66734C5133E1 /* CheckpointBScreenshotExporter.swift in Sources */ = {isa = PBXBuildFile; fileRef = C1C106511CEDF618D6069BF9 /* CheckpointBScreenshotExporter.swift */; };
		F9B0C0AC28D39ECEE50DFCEE /* DiagnosticsController.swift in Sources */ = {isa = PBXBuildFile; fileRef = BF4960B78112ABB5D34803BD /* DiagnosticsController.swift */; };
		FB0360278C5ED110F7A9E16D /* Preview Assets.xcassets in Resources */ = {isa = PBXBuildFile; fileRef = C5AAC12E0BA9F6CC52CAF7EC /* Preview Assets.xcassets */; };
/* End PBXBuildFile section */

/* Begin PBXFileReference section */
		07645A08673E2EF869A67CDC /* ShortcutHelpHUD.swift */ = {isa = PBXFileReference; lastKnownFileType = sourcecode.swift; path = ShortcutHelpHUD.swift; sourceTree = "<group>"; };
		182910CFFF96FD38C92A41A1 /* DiagnosticsSnapshot.swift */ = {isa = PBXFileReference; lastKnownFileType = sourcecode.swift; path = DiagnosticsSnapshot.swift; sourceTree = "<group>"; };
		1EAD52ED9A7456D2355F6E75 /* CheckpointC1ScreenshotExporter.swift */ = {isa = PBXFileReference; lastKnownFileType = sourcecode.swift; path = CheckpointC1ScreenshotExporter.swift; sourceTree = "<group>"; };
		232F5B08C7CB2103577CD47F /* ContentView.swift */ = {isa = PBXFileReference; lastKnownFileType = sourcecode.swift; path = ContentView.swift; sourceTree = "<group>"; };
		25F1D13A45E6ACDAD06F6796 /* LightKeyFixtureImporterWindow.swift */ = {isa = PBXFileReference; lastKnownFileType = sourcecode.swift; path = LightKeyFixtureImporterWindow.swift; sourceTree = "<group>"; };
		31A34445C1E4A5C774DC3369 /* DesignStageSurface.swift */ = {isa = PBXFileReference; lastKnownFileType = sourcecode.swift; path = DesignStageSurface.swift; sourceTree = "<group>"; };
		31B5082F832535672E269A21 /* CheckpointC3ScreenshotExporter.swift */ = {isa = PBXFileReference; lastKnownFileType = sourcecode.swift; path = CheckpointC3ScreenshotExporter.swift; sourceTree = "<group>"; };
		339F99D6F432CB1C049FF722 /* WorkspaceSurfaces.swift */ = {isa = PBXFileReference; lastKnownFileType = sourcecode.swift; path = WorkspaceSurfaces.swift; sourceTree = "<group>"; };
		3500F9F48968C9E1F4BE62EE /* MIDIHealthSnapshot.swift */ = {isa = PBXFileReference; lastKnownFileType = sourcecode.swift; path = MIDIHealthSnapshot.swift; sourceTree = "<group>"; };
		358D876DBCA0CD1350698C97 /* AuroraBuildToolbar.swift */ = {isa = PBXFileReference; lastKnownFileType = sourcecode.swift; path = AuroraBuildToolbar.swift; sourceTree = "<group>"; };
		3863075AA65EC7128BBCA76D /* ExternalControlLog.swift */ = {isa = PBXFileReference; lastKnownFileType = sourcecode.swift; path = ExternalControlLog.swift; sourceTree = "<group>"; };
		397CECAF9203F397ADACC24A /* AuroraDesignSystem */ = {isa = PBXFileReference; lastKnownFileType = folder; name = AuroraDesignSystem; path = ../AuroraDesignSystem; sourceTree = SOURCE_ROOT; };
		3A665E7AA33A07B1B5479496 /* CheckpointC2ScreenshotExporter.swift */ = {isa = PBXFileReference; lastKnownFileType = sourcecode.swift; path = CheckpointC2ScreenshotExporter.swift; sourceTree = "<group>"; };
		4065D715F6712A592C2D9D94 /* ControlActionRouter.swift */ = {isa = PBXFileReference; lastKnownFileType = sourcecode.swift; path = ControlActionRouter.swift; sourceTree = "<group>"; };
		46246929E5905C1586C715DC /* UserFixtureLibraryWindow.swift */ = {isa = PBXFileReference; lastKnownFileType = sourcecode.swift; path = UserFixtureLibraryWindow.swift; sourceTree = "<group>"; };
		501E4F0EC75962C1B1D363F3 /* WorkspaceController.swift */ = {isa = PBXFileReference; lastKnownFileType = sourcecode.swift; path = WorkspaceController.swift; sourceTree = "<group>"; };
		53241CA7F228CC07D3E74AD5 /* Assets.xcassets */ = {isa = PBXFileReference; lastKnownFileType = folder.assetcatalog; path = Assets.xcassets; sourceTree = "<group>"; };
		54299232A083091BC023D010 /* FloatingSurfaceWindowCoordinator.swift */ = {isa = PBXFileReference; lastKnownFileType = sourcecode.swift; path = FloatingSurfaceWindowCoordinator.swift; sourceTree = "<group>"; };
		560F9B85E2009D890D09ECAC /* PerformanceSnapshot.swift */ = {isa = PBXFileReference; lastKnownFileType = sourcecode.swift; path = PerformanceSnapshot.swift; sourceTree = "<group>"; };
		5C5FF56CF6BF550DBF6865AA /* AuroraSettingsRoot.swift */ = {isa = PBXFileReference; lastKnownFileType = sourcecode.swift; path = AuroraSettingsRoot.swift; sourceTree = "<group>"; };
		5D1A9997F250BD7F47FC7DC0 /* PanelRegistry.swift */ = {isa = PBXFileReference; lastKnownFileType = sourcecode.swift; path = PanelRegistry.swift; sourceTree = "<group>"; };
		5E14169A3D7013064FC4C477 /* AuroraBrandViews.swift */ = {isa = PBXFileReference; lastKnownFileType = sourcecode.swift; path = AuroraBrandViews.swift; sourceTree = "<group>"; };
		6100A925FF40688A2C61D122 /* AMEEngineWindowRoot.swift */ = {isa = PBXFileReference; lastKnownFileType = sourcecode.swift; path = AMEEngineWindowRoot.swift; sourceTree = "<group>"; };
		6B29DE4F38EC3E91F2835D08 /* AppKit.framework */ = {isa = PBXFileReference; lastKnownFileType = wrapper.framework; name = AppKit.framework; path = System/Library/Frameworks/AppKit.framework; sourceTree = SDKROOT; };
		6B4845FF0198D5B22AE7610E /* WelcomeEmptyView.swift */ = {isa = PBXFileReference; lastKnownFileType = sourcecode.swift; path = WelcomeEmptyView.swift; sourceTree = "<group>"; };
		6C1BBAFA0D5762961DF0960B /* AuroraAppStatusBar.swift */ = {isa = PBXFileReference; lastKnownFileType = sourcecode.swift; path = AuroraAppStatusBar.swift; sourceTree = "<group>"; };
		779647B40D9F3A8937B23878 /* ShowControlController.swift */ = {isa = PBXFileReference; lastKnownFileType = sourcecode.swift; path = ShowControlController.swift; sourceTree = "<group>"; };
		7B043DFC14A0073926A91FBC /* AutosaveController.swift */ = {isa = PBXFileReference; lastKnownFileType = sourcecode.swift; path = AutosaveController.swift; sourceTree = "<group>"; };
		824A8B81275AE372DADD8AE6 /* SplashVisuals.swift */ = {isa = PBXFileReference; lastKnownFileType = sourcecode.swift; path = SplashVisuals.swift; sourceTree = "<group>"; };
		864171D7061DED2D20ABAFBE /* LaunchSplashController.swift */ = {isa = PBXFileReference; lastKnownFileType = sourcecode.swift; path = LaunchSplashController.swift; sourceTree = "<group>"; };
		9172FAFF8B67876029F5C75C /* DimmerKeyboardEntryMonitor.swift */ = {isa = PBXFileReference; lastKnownFileType = sourcecode.swift; path = DimmerKeyboardEntryMonitor.swift; sourceTree = "<group>"; };
		95C8D08AF1160636E19E4FDB /* PerformWorkspaceShell.swift */ = {isa = PBXFileReference; lastKnownFileType = sourcecode.swift; path = PerformWorkspaceShell.swift; sourceTree = "<group>"; };
		95CD35C6AE48A4DA2FC55D9D /* UserFixtureLibraryStore.swift */ = {isa = PBXFileReference; lastKnownFileType = sourcecode.swift; path = UserFixtureLibraryStore.swift; sourceTree = "<group>"; };
		99FD8A4118F8D75D71041A20 /* LoggingSettingsModel.swift */ = {isa = PBXFileReference; lastKnownFileType = sourcecode.swift; path = LoggingSettingsModel.swift; sourceTree = "<group>"; };
		9B5DE4B4C4888D1A5E101B1F /* EffectsWindowAcceptanceCapture.swift */ = {isa = PBXFileReference; lastKnownFileType = sourcecode.swift; path = EffectsWindowAcceptanceCapture.swift; sourceTree = "<group>"; };
		9B85BFE9D150E01CF5D13B12 /* KeyboardCommandGate.swift */ = {isa = PBXFileReference; lastKnownFileType = sourcecode.swift; path = KeyboardCommandGate.swift; sourceTree = "<group>"; };
		9D2261C1D8B3655B4063FE53 /* ErrorPresenter.swift */ = {isa = PBXFileReference; lastKnownFileType = sourcecode.swift; path = ErrorPresenter.swift; sourceTree = "<group>"; };
		9E2E328B2326DE8D41300DB3 /* FloatingSurfaceWindow.swift */ = {isa = PBXFileReference; lastKnownFileType = sourcecode.swift; path = FloatingSurfaceWindow.swift; sourceTree = "<group>"; };
		A078D712EDB91254FB4C65EB /* Prism.app */ = {isa = PBXFileReference; explicitFileType = wrapper.application; includeInIndex = 0; path = Prism.app; sourceTree = BUILT_PRODUCTS_DIR; };
		AB29E496B8FE888F60B7C466 /* OutputController.swift */ = {isa = PBXFileReference; lastKnownFileType = sourcecode.swift; path = OutputController.swift; sourceTree = "<group>"; };
		B813837D691D7B1C59EF157E /* AuroraAboutView.swift */ = {isa = PBXFileReference; lastKnownFileType = sourcecode.swift; path = AuroraAboutView.swift; sourceTree = "<group>"; };
		B955E9C928DE9A1D2D0FC51C /* EffectsEngineWindowRoot.swift */ = {isa = PBXFileReference; lastKnownFileType = sourcecode.swift; path = EffectsEngineWindowRoot.swift; sourceTree = "<group>"; };
		BF4960B78112ABB5D34803BD /* DiagnosticsController.swift */ = {isa = PBXFileReference; lastKnownFileType = sourcecode.swift; path = DiagnosticsController.swift; sourceTree = "<group>"; };
		C1C106511CEDF618D6069BF9 /* CheckpointBScreenshotExporter.swift */ = {isa = PBXFileReference; lastKnownFileType = sourcecode.swift; path = CheckpointBScreenshotExporter.swift; sourceTree = "<group>"; };
		C2CA141AE7C9CF7492306AA6 /* AuroraSplashView.swift */ = {isa = PBXFileReference; lastKnownFileType = sourcecode.swift; path = AuroraSplashView.swift; sourceTree = "<group>"; };
		C2DC1348A41F0BB34984FAAD /* BuildWorkspaceHost.swift */ = {isa = PBXFileReference; lastKnownFileType = sourcecode.swift; path = BuildWorkspaceHost.swift; sourceTree = "<group>"; };
		C5AAC12E0BA9F6CC52CAF7EC /* Preview Assets.xcassets */ = {isa = PBXFileReference; lastKnownFileType = folder.assetcatalog; path = "Preview Assets.xcassets"; sourceTree = "<group>"; };
		CD9B4FD0601962278EB8BCAC /* AuroraShellHealth.swift */ = {isa = PBXFileReference; lastKnownFileType = sourcecode.swift; path = AuroraShellHealth.swift; sourceTree = "<group>"; };
		D22693B2A3BC9A83A10B148C /* SongDirector.swift */ = {isa = PBXFileReference; lastKnownFileType = sourcecode.swift; path = SongDirector.swift; sourceTree = "<group>"; };
		D75DD783EC6D1B226B5B9F98 /* AuroraActionExecutor.swift */ = {isa = PBXFileReference; lastKnownFileType = sourcecode.swift; path = AuroraActionExecutor.swift; sourceTree = "<group>"; };
		D89FE72A7FCF544F9FE97138 /* AppModel.swift */ = {isa = PBXFileReference; lastKnownFileType = sourcecode.swift; path = AppModel.swift; sourceTree = "<group>"; };
		DE69003C8FADB849F552ABE3 /* InputController.swift */ = {isa = PBXFileReference; lastKnownFileType = sourcecode.swift; path = InputController.swift; sourceTree = "<group>"; };
		E53EBA12BB138545F4DE4F05 /* AuroraApp.swift */ = {isa = PBXFileReference; lastKnownFileType = sourcecode.swift; path = AuroraApp.swift; sourceTree = "<group>"; };
		E98879EA9C2C37F9DDA411AE /* ProjectController.swift */ = {isa = PBXFileReference; lastKnownFileType = sourcecode.swift; path = ProjectController.swift; sourceTree = "<group>"; };
		EC1D216D63FCD9574D8F1EAC /* ProgrammerPresentationStore.swift */ = {isa = PBXFileReference; lastKnownFileType = sourcecode.swift; path = ProgrammerPresentationStore.swift; sourceTree = "<group>"; };
		ED1D6C1A596DA1DE51484AAB /* AppSettingsStore.swift */ = {isa = PBXFileReference; lastKnownFileType = sourcecode.swift; path = AppSettingsStore.swift; sourceTree = "<group>"; };
		F14A652D54B66ADC2AD32708 /* FixtureCreatorWindow.swift */ = {isa = PBXFileReference; lastKnownFileType = sourcecode.swift; path = FixtureCreatorWindow.swift; sourceTree = "<group>"; };
		F2C7C27BD26E3D7CE9388E87 /* Aurora */ = {isa = PBXFileReference; lastKnownFileType = folder; name = Aurora; path = .; sourceTree = SOURCE_ROOT; };
		FD8D8F2897F52396A2EF3F06 /* SwiftUI.framework */ = {isa = PBXFileReference; lastKnownFileType = wrapper.framework; name = SwiftUI.framework; path = System/Library/Frameworks/SwiftUI.framework; sourceTree = SDKROOT; };
/* End PBXFileReference section */

/* Begin PBXFrameworksBuildPhase section */
		B7CD137DBC01056BAD3E045E /* Frameworks */ = {
			isa = PBXFrameworksBuildPhase;
			buildActionMask = 2147483647;
			files = (
				35CCC59630FCF3EA2889402F /* AuroraUI in Frameworks */,
				D1D5AFEB411E7EEE10F007F2 /* AuroraCore in Frameworks */,
				03563D500252A53FEF44FA8C /* AuroraModel in Frameworks */,
				A23B7B944DDFAD371DC2CA79 /* AuroraFixtureLib in Frameworks */,
				ED96297A3B9DD6CF78D08877 /* AuroraEngine in Frameworks */,
				11C2FF2F2CFDA206A5992EAF /* AuroraOutput in Frameworks */,
				BFBC57A45ACB4CB3344029CD /* AuroraMIDI in Frameworks */,
				7EAA6D5F0C9A966B2F13D476 /* AuroraMusical in Frameworks */,
				5A8CF4DD0690127459E05866 /* AuroraDiagnostics in Frameworks */,
				B78C597856F1ABC941C83AE4 /* AuroraDesignSystem in Frameworks */,
				93383F9375C75649A0C9C33B /* AppKit.framework in Frameworks */,
				E0B3AA7CDCC40373F83483F0 /* SwiftUI.framework in Frameworks */,
			);
			runOnlyForDeploymentPostprocessing = 0;
		};
/* End PBXFrameworksBuildPhase section */

/* Begin PBXGroup section */
		25F515A9AF4120B3DE7FD0BF /* Splash */ = {
			isa = PBXGroup;
			children = (
				C2CA141AE7C9CF7492306AA6 /* AuroraSplashView.swift */,
				864171D7061DED2D20ABAFBE /* LaunchSplashController.swift */,
				824A8B81275AE372DADD8AE6 /* SplashVisuals.swift */,
			);
			path = Splash;
			sourceTree = "<group>";
		};
		40EA5153EEA64DB820193AE6 /* Preview Content */ = {
			isa = PBXGroup;
			children = (
				C5AAC12E0BA9F6CC52CAF7EC /* Preview Assets.xcassets */,
			);
			path = "Preview Content";
			sourceTree = "<group>";
		};
		4C6F75A01F813A3DB4E42FCA /* Aurora */ = {
			isa = PBXGroup;
			children = (
				ABA054F837A02B9783E3687B /* Branding */,
				B5A9A32B8ED4CBCBB45F8EE3 /* Controllers */,
				F033D9CC690C037D099AF9A9 /* Settings */,
				B5D0006B79AB717566AA15B8 /* Shell */,
				25F515A9AF4120B3DE7FD0BF /* Splash */,
				4EAD12B25ABD70A0A3293EDB /* Tools */,
				6100A925FF40688A2C61D122 /* AMEEngineWindowRoot.swift */,
				D89FE72A7FCF544F9FE97138 /* AppModel.swift */,
				D75DD783EC6D1B226B5B9F98 /* AuroraActionExecutor.swift */,
				E53EBA12BB138545F4DE4F05 /* AuroraApp.swift */,
				232F5B08C7CB2103577CD47F /* ContentView.swift */,
				4065D715F6712A592C2D9D94 /* ControlActionRouter.swift */,
				B955E9C928DE9A1D2D0FC51C /* EffectsEngineWindowRoot.swift */,
				9D2261C1D8B3655B4063FE53 /* ErrorPresenter.swift */,
				F14A652D54B66ADC2AD32708 /* FixtureCreatorWindow.swift */,
				25F1D13A45E6ACDAD06F6796 /* LightKeyFixtureImporterWindow.swift */,
				5D1A9997F250BD7F47FC7DC0 /* PanelRegistry.swift */,
				D22693B2A3BC9A83A10B148C /* SongDirector.swift */,
				46246929E5905C1586C715DC /* UserFixtureLibraryWindow.swift */,
			);
			path = Aurora;
			sourceTree = "<group>";
		};
		4EAD12B25ABD70A0A3293EDB /* Tools */ = {
			isa = PBXGroup;
			children = (
				C1C106511CEDF618D6069BF9 /* CheckpointBScreenshotExporter.swift */,
				1EAD52ED9A7456D2355F6E75 /* CheckpointC1ScreenshotExporter.swift */,
				3A665E7AA33A07B1B5479496 /* CheckpointC2ScreenshotExporter.swift */,
				31B5082F832535672E269A21 /* CheckpointC3ScreenshotExporter.swift */,
				9B5DE4B4C4888D1A5E101B1F /* EffectsWindowAcceptanceCapture.swift */,
			);
			path = Tools;
			sourceTree = "<group>";
		};
		829622D1999AC5BF17B88CCF = {
			isa = PBXGroup;
			children = (
				974D0A9478F93501C3E9BB48 /* App */,
				FE6331AD94FF8304AB9E4625 /* Packages */,
				A4AB526A1DA7BB186D94F967 /* Sources */,
				9B14FB8029F70BDB50B56D97 /* Frameworks */,
				BB330B0362CF6776AF1A98BD /* Products */,
			);
			sourceTree = "<group>";
		};
		974D0A9478F93501C3E9BB48 /* App */ = {
			isa = PBXGroup;
			children = (
				40EA5153EEA64DB820193AE6 /* Preview Content */,
				53241CA7F228CC07D3E74AD5 /* Assets.xcassets */,
			);
			path = App;
			sourceTree = "<group>";
		};
		9B14FB8029F70BDB50B56D97 /* Frameworks */ = {
			isa = PBXGroup;
			children = (
				6B29DE4F38EC3E91F2835D08 /* AppKit.framework */,
				FD8D8F2897F52396A2EF3F06 /* SwiftUI.framework */,
			);
			name = Frameworks;
			sourceTree = "<group>";
		};
		A4AB526A1DA7BB186D94F967 /* Sources */ = {
			isa = PBXGroup;
			children = (
				4C6F75A01F813A3DB4E42FCA /* Aurora */,
			);
			path = Sources;
			sourceTree = "<group>";
		};
		ABA054F837A02B9783E3687B /* Branding */ = {
			isa = PBXGroup;
			children = (
				B813837D691D7B1C59EF157E /* AuroraAboutView.swift */,
				5E14169A3D7013064FC4C477 /* AuroraBrandViews.swift */,
			);
			path = Branding;
			sourceTree = "<group>";
		};
		B5A9A32B8ED4CBCBB45F8EE3 /* Controllers */ = {
			isa = PBXGroup;
			children = (
				ED1D6C1A596DA1DE51484AAB /* AppSettingsStore.swift */,
				7B043DFC14A0073926A91FBC /* AutosaveController.swift */,
				BF4960B78112ABB5D34803BD /* DiagnosticsController.swift */,
				182910CFFF96FD38C92A41A1 /* DiagnosticsSnapshot.swift */,
				3863075AA65EC7128BBCA76D /* ExternalControlLog.swift */,
				DE69003C8FADB849F552ABE3 /* InputController.swift */,
				3500F9F48968C9E1F4BE62EE /* MIDIHealthSnapshot.swift */,
				AB29E496B8FE888F60B7C466 /* OutputController.swift */,
				560F9B85E2009D890D09ECAC /* PerformanceSnapshot.swift */,
				EC1D216D63FCD9574D8F1EAC /* ProgrammerPresentationStore.swift */,
				E98879EA9C2C37F9DDA411AE /* ProjectController.swift */,
				779647B40D9F3A8937B23878 /* ShowControlController.swift */,
				95CD35C6AE48A4DA2FC55D9D /* UserFixtureLibraryStore.swift */,
				501E4F0EC75962C1B1D363F3 /* WorkspaceController.swift */,
			);
			path = Controllers;
			sourceTree = "<group>";
		};
		B5D0006B79AB717566AA15B8 /* Shell */ = {
			isa = PBXGroup;
			children = (
				6C1BBAFA0D5762961DF0960B /* AuroraAppStatusBar.swift */,
				358D876DBCA0CD1350698C97 /* AuroraBuildToolbar.swift */,
				CD9B4FD0601962278EB8BCAC /* AuroraShellHealth.swift */,
				C2DC1348A41F0BB34984FAAD /* BuildWorkspaceHost.swift */,
				31A34445C1E4A5C774DC3369 /* DesignStageSurface.swift */,
				9172FAFF8B67876029F5C75C /* DimmerKeyboardEntryMonitor.swift */,
				9E2E328B2326DE8D41300DB3 /* FloatingSurfaceWindow.swift */,
				54299232A083091BC023D010 /* FloatingSurfaceWindowCoordinator.swift */,
				9B85BFE9D150E01CF5D13B12 /* KeyboardCommandGate.swift */,
				95C8D08AF1160636E19E4FDB /* PerformWorkspaceShell.swift */,
				07645A08673E2EF869A67CDC /* ShortcutHelpHUD.swift */,
				6B4845FF0198D5B22AE7610E /* WelcomeEmptyView.swift */,
				339F99D6F432CB1C049FF722 /* WorkspaceSurfaces.swift */,
			);
			path = Shell;
			sourceTree = "<group>";
		};
		BB330B0362CF6776AF1A98BD /* Products */ = {
			isa = PBXGroup;
			children = (
				A078D712EDB91254FB4C65EB /* Prism.app */,
			);
			name = Products;
			sourceTree = "<group>";
		};
		F033D9CC690C037D099AF9A9 /* Settings */ = {
			isa = PBXGroup;
			children = (
				5C5FF56CF6BF550DBF6865AA /* AuroraSettingsRoot.swift */,
				99FD8A4118F8D75D71041A20 /* LoggingSettingsModel.swift */,
			);
			path = Settings;
			sourceTree = "<group>";
		};
		FE6331AD94FF8304AB9E4625 /* Packages */ = {
			isa = PBXGroup;
			children = (
				F2C7C27BD26E3D7CE9388E87 /* Aurora */,
				397CECAF9203F397ADACC24A /* AuroraDesignSystem */,
			);
			name = Packages;
			sourceTree = "<group>";
		};
/* End PBXGroup section */

/* Begin PBXNativeTarget section */
		42A5C0E29A2F7401AE1DAAA6 /* Aurora */ = {
			isa = PBXNativeTarget;
			buildConfigurationList = 111A2FF3D7DAB9D1609BBB2E /* Build configuration list for PBXNativeTarget "Aurora" */;
			buildPhases = (
				11EAC339E4E4F6AC6B9348CE /* Sources */,
				241DE0C963712677DAD39C8A /* Resources */,
				B7CD137DBC01056BAD3E045E /* Frameworks */,
			);
			buildRules = (
			);
			dependencies = (
			);
			name = Aurora;
			packageProductDependencies = (
				690300BAF9B3151421451ABA /* AuroraUI */,
				792A939B17F287A1613EEC7E /* AuroraCore */,
				1A8D18F9A83D91A656472DC4 /* AuroraModel */,
				9873FBE2D9C160DE4F158882 /* AuroraFixtureLib */,
				A05AEC2D94229F2DB405698C /* AuroraEngine */,
				FCC9AB3A9B77468013D9EEC8 /* AuroraOutput */,
				D9C78EDE21F0124491ADA60E /* AuroraMIDI */,
				51827F4E25C119433579AC3C /* AuroraMusical */,
				260EBA9488D207E630542D6B /* AuroraDiagnostics */,
				4E2EEDCCAB044C05D615622F /* AuroraDesignSystem */,
			);
			productName = Aurora;
			productReference = A078D712EDB91254FB4C65EB /* Prism.app */;
			productType = "com.apple.product-type.application";
		};
/* End PBXNativeTarget section */

/* Begin PBXProject section */
		F5D86FCEB22D9DBE7ED24A12 /* Project object */ = {
			isa = PBXProject;
			attributes = {
				BuildIndependentTargetsInParallel = YES;
				LastUpgradeCheck = 1430;
				TargetAttributes = {
					42A5C0E29A2F7401AE1DAAA6 = {
						ProvisioningStyle = Automatic;
					};
				};
			};
			buildConfigurationList = 4502CB802A610543D6772484 /* Build configuration list for PBXProject "Aurora" */;
			developmentRegion = en;
			hasScannedForEncodings = 0;
			knownRegions = (
				Base,
				en,
			);
			mainGroup = 829622D1999AC5BF17B88CCF;
			minimizedProjectReferenceProxies = 1;
			packageReferences = (
				2ACD9DF4B168B97B53004800 /* XCLocalSwiftPackageReference "../AuroraDesignSystem" */,
				391C22E59781BD3C22D404E5 /* XCLocalSwiftPackageReference "." */,
			);
			preferredProjectObjectVersion = 77;
			productRefGroup = BB330B0362CF6776AF1A98BD /* Products */;
			projectDirPath = "";
			projectRoot = "";
			targets = (
				42A5C0E29A2F7401AE1DAAA6 /* Aurora */,
			);
		};
/* End PBXProject section */

/* Begin PBXResourcesBuildPhase section */
		241DE0C963712677DAD39C8A /* Resources */ = {
			isa = PBXResourcesBuildPhase;
			buildActionMask = 2147483647;
			files = (
				8D2FA4A175A8875C87AC701B /* Assets.xcassets in Resources */,
				FB0360278C5ED110F7A9E16D /* Preview Assets.xcassets in Resources */,
			);
			runOnlyForDeploymentPostprocessing = 0;
		};
/* End PBXResourcesBuildPhase section */

/* Begin PBXSourcesBuildPhase section */
		11EAC339E4E4F6AC6B9348CE /* Sources */ = {
			isa = PBXSourcesBuildPhase;
			buildActionMask = 2147483647;
			files = (
				733890ADAC5ABDFEF83FB368 /* AMEEngineWindowRoot.swift in Sources */,
				DB76164C63E39F07973EE448 /* AppModel.swift in Sources */,
				51199258785E51A21134CD49 /* AppSettingsStore.swift in Sources */,
				CB89FF9D99C5A6E4D16564BB /* AuroraAboutView.swift in Sources */,
				4658C1EF183A46340B331FA1 /* AuroraActionExecutor.swift in Sources */,
				69C3AAB5F98CD1C4185873F2 /* AuroraApp.swift in Sources */,
				CACAB191F002F5D03883E338 /* AuroraAppStatusBar.swift in Sources */,
				F55B9C7D82C625AF6C86D71B /* AuroraBrandViews.swift in Sources */,
				83F91197B9CC076A75520A90 /* AuroraBuildToolbar.swift in Sources */,
				14387812BB87878E138FE12E /* AuroraSettingsRoot.swift in Sources */,
				CAE5E15A30778E693BCCE0F8 /* AuroraShellHealth.swift in Sources */,
				C52AA06B1FC821446EA62F43 /* AuroraSplashView.swift in Sources */,
				377A74B13024A8C1D09C6A8A /* AutosaveController.swift in Sources */,
				75FB1F2B21E5F1718F2E2FF5 /* BuildWorkspaceHost.swift in Sources */,
				F6A4316EEEAC66734C5133E1 /* CheckpointBScreenshotExporter.swift in Sources */,
				3CB4833039706DB343C16D9A /* CheckpointC1ScreenshotExporter.swift in Sources */,
				0AD304D3E06F5B445261C3B9 /* CheckpointC2ScreenshotExporter.swift in Sources */,
				B4624971634401539AA958E0 /* CheckpointC3ScreenshotExporter.swift in Sources */,
				4E340006104EBAEBE5FE7F28 /* ContentView.swift in Sources */,
				E9E5822071DD23FA2AF41899 /* ControlActionRouter.swift in Sources */,
				69F9A2D27963609B1CA2CE76 /* DesignStageSurface.swift in Sources */,
				F9B0C0AC28D39ECEE50DFCEE /* DiagnosticsController.swift in Sources */,
				6C92275AA0E1FBC13C70E858 /* DiagnosticsSnapshot.swift in Sources */,
				0C4E80D561792E13EAF2BE02 /* DimmerKeyboardEntryMonitor.swift in Sources */,
				EAF2DE4D972354AD52169804 /* EffectsEngineWindowRoot.swift in Sources */,
				84B8F39B4B11412845F64586 /* EffectsWindowAcceptanceCapture.swift in Sources */,
				B50F904BD20D33CD495A7C67 /* ErrorPresenter.swift in Sources */,
				9F1DDF1D941010FD6EFFC6B8 /* ExternalControlLog.swift in Sources */,
				2F5A243D8178A4449395A6DD /* FixtureCreatorWindow.swift in Sources */,
				F00643476CE33324EFB945EF /* FloatingSurfaceWindow.swift in Sources */,
				56FD63FD798BEBC8E708F3EA /* FloatingSurfaceWindowCoordinator.swift in Sources */,
				8885BEE39D4B78623E20494A /* InputController.swift in Sources */,
				AB90C02584422D9038335B6D /* KeyboardCommandGate.swift in Sources */,
				5D124C456F3FBF5F9E3ADAC7 /* LaunchSplashController.swift in Sources */,
				BA1F0847724292D01BDFF7FB /* LightKeyFixtureImporterWindow.swift in Sources */,
				CEF9BE995B585AACD23D7330 /* LoggingSettingsModel.swift in Sources */,
				70BBD384A540407279608757 /* MIDIHealthSnapshot.swift in Sources */,
				83FF3655CDFEB29DF5D44AEA /* OutputController.swift in Sources */,
				93C0DF2A610123A272711285 /* PanelRegistry.swift in Sources */,
				E161C01CFBB6E7CA343C09B7 /* PerformWorkspaceShell.swift in Sources */,
				932246F78C94AD41B2A8FF16 /* PerformanceSnapshot.swift in Sources */,
				EF73651AA0062889A57FCBE6 /* ProgrammerPresentationStore.swift in Sources */,
				E4EE3B1C37AEEF62DC2EC373 /* ProjectController.swift in Sources */,
				2195DF5A905549CE5C39153E /* ShortcutHelpHUD.swift in Sources */,
				42BB15392EE0D5023FF5196F /* ShowControlController.swift in Sources */,
				51FF94DE82FE95F235593210 /* SongDirector.swift in Sources */,
				27C4414836CB833E4B61B89D /* SplashVisuals.swift in Sources */,
				EA65CCE22BD9553182EA62FA /* UserFixtureLibraryStore.swift in Sources */,
				E9203100AE90F158D7CE4335 /* UserFixtureLibraryWindow.swift in Sources */,
				278C16091C9CB4F672B622C9 /* WelcomeEmptyView.swift in Sources */,
				26728EE3820EE534067B7593 /* WorkspaceController.swift in Sources */,
				1BB91CD69C63E01F076EF1AD /* WorkspaceSurfaces.swift in Sources */,
			);
			runOnlyForDeploymentPostprocessing = 0;
		};
/* End PBXSourcesBuildPhase section */

/* Begin XCBuildConfiguration section */
		0C1E5F4AFD65F1B0AFE1D062 /* Release */ = {
			isa = XCBuildConfiguration;
			buildSettings = {
				ASSETCATALOG_COMPILER_APPICON_NAME = AppIcon;
				ASSETCATALOG_COMPILER_GLOBAL_ACCENT_COLOR_NAME = AccentColor;
				CODE_SIGN_ENTITLEMENTS = App/Aurora.entitlements;
				CODE_SIGN_IDENTITY = "-";
				"CODE_SIGN_IDENTITY[sdk=macosx*]" = "Apple Development";
				CODE_SIGN_STYLE = Automatic;
				COMBINE_HIDPI_IMAGES = YES;
				CURRENT_PROJECT_VERSION = 1;
				DEVELOPMENT_TEAM = DQ2W6YGX5A;
				ENABLE_APP_SANDBOX = YES;
				ENABLE_HARDENED_RUNTIME = YES;
				ENABLE_PREVIEWS = YES;
				GENERATE_INFOPLIST_FILE = NO;
				INFOPLIST_FILE = App/Info.plist;
				LD_RUNPATH_SEARCH_PATHS = (
					"$(inherited)",
					"@executable_path/../Frameworks",
				);
				MACOSX_DEPLOYMENT_TARGET = 14.0;
				MARKETING_VERSION = 0.1.0;
				PRODUCT_BUNDLE_IDENTIFIER = com.aurora.lighting;
				PRODUCT_NAME = Prism;
				SDKROOT = macosx;
				SWIFT_COMPILATION_MODE = wholemodule;
				SWIFT_EMIT_LOC_STRINGS = YES;
			};
			name = Release;
		};
		2967E9A58039FB84E2761D2F /* Release */ = {
			isa = XCBuildConfiguration;
			buildSettings = {
				ALWAYS_SEARCH_USER_PATHS = NO;
				CLANG_ANALYZER_NONNULL = YES;
				CLANG_ANALYZER_NUMBER_OBJECT_CONVERSION = YES_AGGRESSIVE;
				CLANG_CXX_LANGUAGE_STANDARD = "gnu++14";
				CLANG_CXX_LIBRARY = "libc++";
				CLANG_ENABLE_MODULES = YES;
				CLANG_ENABLE_OBJC_ARC = YES;
				CLANG_ENABLE_OBJC_WEAK = YES;
				CLANG_WARN_BLOCK_CAPTURE_AUTORELEASING = YES;
				CLANG_WARN_BOOL_CONVERSION = YES;
				CLANG_WARN_COMMA = YES;
				CLANG_WARN_CONSTANT_CONVERSION = YES;
				CLANG_WARN_DEPRECATED_OBJC_IMPLEMENTATIONS = YES;
				CLANG_WARN_DIRECT_OBJC_ISA_USAGE = YES_ERROR;
				CLANG_WARN_DOCUMENTATION_COMMENTS = YES;
				CLANG_WARN_EMPTY_BODY = YES;
				CLANG_WARN_ENUM_CONVERSION = YES;
				CLANG_WARN_INFINITE_RECURSION = YES;
				CLANG_WARN_INT_CONVERSION = YES;
				CLANG_WARN_NON_LITERAL_NULL_CONVERSION = YES;
				CLANG_WARN_OBJC_IMPLICIT_RETAIN_SELF = YES;
				CLANG_WARN_OBJC_LITERAL_CONVERSION = YES;
				CLANG_WARN_OBJC_ROOT_CLASS = YES_ERROR;
				CLANG_WARN_QUOTED_INCLUDE_IN_FRAMEWORK_HEADER = YES;
				CLANG_WARN_RANGE_LOOP_ANALYSIS = YES;
				CLANG_WARN_STRICT_PROTOTYPES = YES;
				CLANG_WARN_SUSPICIOUS_MOVE = YES;
				CLANG_WARN_UNGUARDED_AVAILABILITY = YES_AGGRESSIVE;
				CLANG_WARN_UNREACHABLE_CODE = YES;
				CLANG_WARN__DUPLICATE_METHOD_MATCH = YES;
				COPY_PHASE_STRIP = NO;
				DEBUG_INFORMATION_FORMAT = "dwarf-with-dsym";
				ENABLE_NS_ASSERTIONS = NO;
				ENABLE_STRICT_OBJC_MSGSEND = YES;
				GCC_C_LANGUAGE_STANDARD = gnu11;
				GCC_NO_COMMON_BLOCKS = YES;
				GCC_WARN_64_TO_32_BIT_CONVERSION = YES;
				GCC_WARN_ABOUT_RETURN_TYPE = YES_ERROR;
				GCC_WARN_UNDECLARED_SELECTOR = YES;
				GCC_WARN_UNINITIALIZED_AUTOS = YES_AGGRESSIVE;
				GCC_WARN_UNUSED_FUNCTION = YES;
				GCC_WARN_UNUSED_VARIABLE = YES;
				MACOSX_DEPLOYMENT_TARGET = 14.0;
				MTL_ENABLE_DEBUG_INFO = NO;
				MTL_FAST_MATH = YES;
				ONLY_ACTIVE_ARCH = NO;
				PRODUCT_NAME = "$(TARGET_NAME)";
				SDKROOT = macosx;
				SWIFT_COMPILATION_MODE = wholemodule;
				SWIFT_OPTIMIZATION_LEVEL = "-O";
				SWIFT_VERSION = 5.9;
				VALIDATE_PRODUCT = YES;
			};
			name = Release;
		};
		33DDB0444D16B491378E71CF /* Debug */ = {
			isa = XCBuildConfiguration;
			buildSettings = {
				ALWAYS_SEARCH_USER_PATHS = NO;
				CLANG_ANALYZER_NONNULL = YES;
				CLANG_ANALYZER_NUMBER_OBJECT_CONVERSION = YES_AGGRESSIVE;
				CLANG_CXX_LANGUAGE_STANDARD = "gnu++14";
				CLANG_CXX_LIBRARY = "libc++";
				CLANG_ENABLE_MODULES = YES;
				CLANG_ENABLE_OBJC_ARC = YES;
				CLANG_ENABLE_OBJC_WEAK = YES;
				CLANG_WARN_BLOCK_CAPTURE_AUTORELEASING = YES;
				CLANG_WARN_BOOL_CONVERSION = YES;
				CLANG_WARN_COMMA = YES;
				CLANG_WARN_CONSTANT_CONVERSION = YES;
				CLANG_WARN_DEPRECATED_OBJC_IMPLEMENTATIONS = YES;
				CLANG_WARN_DIRECT_OBJC_ISA_USAGE = YES_ERROR;
				CLANG_WARN_DOCUMENTATION_COMMENTS = YES;
				CLANG_WARN_EMPTY_BODY = YES;
				CLANG_WARN_ENUM_CONVERSION = YES;
				CLANG_WARN_INFINITE_RECURSION = YES;
				CLANG_WARN_INT_CONVERSION = YES;
				CLANG_WARN_NON_LITERAL_NULL_CONVERSION = YES;
				CLANG_WARN_OBJC_IMPLICIT_RETAIN_SELF = YES;
				CLANG_WARN_OBJC_LITERAL_CONVERSION = YES;
				CLANG_WARN_OBJC_ROOT_CLASS = YES_ERROR;
				CLANG_WARN_QUOTED_INCLUDE_IN_FRAMEWORK_HEADER = YES;
				CLANG_WARN_RANGE_LOOP_ANALYSIS = YES;
				CLANG_WARN_STRICT_PROTOTYPES = YES;
				CLANG_WARN_SUSPICIOUS_MOVE = YES;
				CLANG_WARN_UNGUARDED_AVAILABILITY = YES_AGGRESSIVE;
				CLANG_WARN_UNREACHABLE_CODE = YES;
				CLANG_WARN__DUPLICATE_METHOD_MATCH = YES;
				COPY_PHASE_STRIP = NO;
				DEBUG_INFORMATION_FORMAT = dwarf;
				ENABLE_STRICT_OBJC_MSGSEND = YES;
				ENABLE_TESTABILITY = YES;
				GCC_C_LANGUAGE_STANDARD = gnu11;
				GCC_DYNAMIC_NO_PIC = NO;
				GCC_NO_COMMON_BLOCKS = YES;
				GCC_OPTIMIZATION_LEVEL = 0;
				GCC_PREPROCESSOR_DEFINITIONS = (
					"DEBUG=1",
					"$(inherited)",
				);
				GCC_WARN_64_TO_32_BIT_CONVERSION = YES;
				GCC_WARN_ABOUT_RETURN_TYPE = YES_ERROR;
				GCC_WARN_UNDECLARED_SELECTOR = YES;
				GCC_WARN_UNINITIALIZED_AUTOS = YES_AGGRESSIVE;
				GCC_WARN_UNUSED_FUNCTION = YES;
				GCC_WARN_UNUSED_VARIABLE = YES;
				MACOSX_DEPLOYMENT_TARGET = 14.0;
				MTL_ENABLE_DEBUG_INFO = INCLUDE_SOURCE;
				MTL_FAST_MATH = YES;
				ONLY_ACTIVE_ARCH = YES;
				PRODUCT_NAME = "$(TARGET_NAME)";
				SDKROOT = macosx;
				SWIFT_ACTIVE_COMPILATION_CONDITIONS = DEBUG;
				SWIFT_OPTIMIZATION_LEVEL = "-Onone";
				SWIFT_VERSION = 5.9;
			};
			name = Debug;
		};
		DFB13FE38B46E973567AB156 /* Debug */ = {
			isa = XCBuildConfiguration;
			buildSettings = {
				ASSETCATALOG_COMPILER_APPICON_NAME = AppIcon;
				ASSETCATALOG_COMPILER_GLOBAL_ACCENT_COLOR_NAME = AccentColor;
				CODE_SIGN_ENTITLEMENTS = App/Aurora.entitlements;
				CODE_SIGN_IDENTITY = "-";
				"CODE_SIGN_IDENTITY[sdk=macosx*]" = "Apple Development";
				CODE_SIGN_STYLE = Automatic;
				COMBINE_HIDPI_IMAGES = YES;
				CURRENT_PROJECT_VERSION = 1;
				DEVELOPMENT_TEAM = DQ2W6YGX5A;
				ENABLE_APP_SANDBOX = YES;
				ENABLE_HARDENED_RUNTIME = NO;
				ENABLE_PREVIEWS = YES;
				GENERATE_INFOPLIST_FILE = NO;
				INFOPLIST_FILE = App/Info.plist;
				LD_RUNPATH_SEARCH_PATHS = (
					"$(inherited)",
					"@executable_path/../Frameworks",
				);
				MACOSX_DEPLOYMENT_TARGET = 14.0;
				MARKETING_VERSION = 0.1.0;
				PRODUCT_BUNDLE_IDENTIFIER = com.aurora.lighting;
				PRODUCT_NAME = Prism;
				SDKROOT = macosx;
				SWIFT_ACTIVE_COMPILATION_CONDITIONS = DEBUG;
				SWIFT_EMIT_LOC_STRINGS = YES;
			};
			name = Debug;
		};
/* End XCBuildConfiguration section */

/* Begin XCConfigurationList section */
		111A2FF3D7DAB9D1609BBB2E /* Build configuration list for PBXNativeTarget "Aurora" */ = {
			isa = XCConfigurationList;
			buildConfigurations = (
				DFB13FE38B46E973567AB156 /* Debug */,
				0C1E5F4AFD65F1B0AFE1D062 /* Release */,
			);
			defaultConfigurationIsVisible = 0;
			defaultConfigurationName = Debug;
		};
		4502CB802A610543D6772484 /* Build configuration list for PBXProject "Aurora" */ = {
			isa = XCConfigurationList;
			buildConfigurations = (
				33DDB0444D16B491378E71CF /* Debug */,
				2967E9A58039FB84E2761D2F /* Release */,
			);
			defaultConfigurationIsVisible = 0;
			defaultConfigurationName = Debug;
		};
/* End XCConfigurationList section */

/* Begin XCLocalSwiftPackageReference section */
		2ACD9DF4B168B97B53004800 /* XCLocalSwiftPackageReference "../AuroraDesignSystem" */ = {
			isa = XCLocalSwiftPackageReference;
			relativePath = ../AuroraDesignSystem;
		};
		391C22E59781BD3C22D404E5 /* XCLocalSwiftPackageReference "." */ = {
			isa = XCLocalSwiftPackageReference;
			relativePath = .;
		};
/* End XCLocalSwiftPackageReference section */

/* Begin XCSwiftPackageProductDependency section */
		1A8D18F9A83D91A656472DC4 /* AuroraModel */ = {
			isa = XCSwiftPackageProductDependency;
			productName = AuroraModel;
		};
		260EBA9488D207E630542D6B /* AuroraDiagnostics */ = {
			isa = XCSwiftPackageProductDependency;
			productName = AuroraDiagnostics;
		};
		4E2EEDCCAB044C05D615622F /* AuroraDesignSystem */ = {
			isa = XCSwiftPackageProductDependency;
			productName = AuroraDesignSystem;
		};
		51827F4E25C119433579AC3C /* AuroraMusical */ = {
			isa = XCSwiftPackageProductDependency;
			productName = AuroraMusical;
		};
		690300BAF9B3151421451ABA /* AuroraUI */ = {
			isa = XCSwiftPackageProductDependency;
			productName = AuroraUI;
		};
		792A939B17F287A1613EEC7E /* AuroraCore */ = {
			isa = XCSwiftPackageProductDependency;
			productName = AuroraCore;
		};
		9873FBE2D9C160DE4F158882 /* AuroraFixtureLib */ = {
			isa = XCSwiftPackageProductDependency;
			productName = AuroraFixtureLib;
		};
		A05AEC2D94229F2DB405698C /* AuroraEngine */ = {
			isa = XCSwiftPackageProductDependency;
			productName = AuroraEngine;
		};
		D9C78EDE21F0124491ADA60E /* AuroraMIDI */ = {
			isa = XCSwiftPackageProductDependency;
			productName = AuroraMIDI;
		};
		FCC9AB3A9B77468013D9EEC8 /* AuroraOutput */ = {
			isa = XCSwiftPackageProductDependency;
			productName = AuroraOutput;
		};
/* End XCSwiftPackageProductDependency section */
	};
	rootObject = F5D86FCEB22D9DBE7ED24A12 /* Project object */;
}
